
Microsoft Visual Studio Solution File, Format Version 12.00
# Visual Studio Version 17
VisualStudioVersion = 17.9.34622.214
MinimumVisualStudioVersion = 10.0.40219.1
Project("{2150E333-8FDC-42A3-9474-1A3956D46DE8}") = "Data", "Data", "{6FC8077A-7428-491C-9D07-B8D4A79B6D25}"
EndProject
Project("{2150E333-8FDC-42A3-9474-1A3956D46DE8}") = "Services", "Services", "{28D51352-44A7-42A8-9A22-CF73B7C35413}"
EndProject
Project("{2150E333-8FDC-42A3-9474-1A3956D46DE8}") = "Test", "Test", "{E2E63F62-45FF-449B-ACF7-AE53F1901DD2}"
EndProject
Project("{2150E333-8FDC-42A3-9474-1A3956D46DE8}") = "Systems", "Systems", "{D50AF075-C405-4514-9CAF-2394171230B7}"
EndProject
Project("{2150E333-8FDC-42A3-9474-1A3956D46DE8}") = "Shared", "Shared", "{E4BE3F4D-2281-40D6-9D98-8CB280703461}"
EndProject
Project("{2150E333-8FDC-42A3-9474-1A3956D46DE8}") = "Api", "Api", "{3033A2F8-A9BE-4389-AAA2-F7D8404D0933}"
EndProject
Project("{2150E333-8FDC-42A3-9474-1A3956D46DE8}") = "Web", "Web", "{B93C44E9-CD88-410E-9EC5-4051F9A32D0D}"
EndProject
Project("{2150E333-8FDC-42A3-9474-1A3956D46DE8}") = "Worker", "Worker", "{C43DD5AB-B112-4450-A38A-D2CF6A0FEA5D}"
EndProject
Project("{9A19103F-16F7-4668-BE54-9A1E7A4F7556}") = "DSRLearn.Worker", "Systems\Worker\DSRLearn.Worker\DSRLearn.Worker.csproj", "{DBFD417E-74C6-4934-A104-CEB131A7AE02}"
EndProject
Project("{9A19103F-16F7-4668-BE54-9A1E7A4F7556}") = "DSRLearn.Api", "Systems\Api\DSRLearn.Api\DSRLearn.Api.csproj", "{64660335-E90A-4401-B3EF-9A3D9E5A1A15}"
EndProject
Project("{9A19103F-16F7-4668-BE54-9A1E7A4F7556}") = "DSRLearn.Common", "Shared\DSRLearn.Common\DSRLearn.Common.csproj", "{82135847-0C75-469A-987F-0C7EC55DCF71}"
EndProject
Project("{2150E333-8FDC-42A3-9474-1A3956D46DE8}") = "Migrations", "Migrations", "{C692E9F8-AF36-4F4E-BCF3-2B73784FBA99}"
EndProject
Project("{9A19103F-16F7-4668-BE54-9A1E7A4F7556}") = "DSRLearn.Context.Migrations.PgSql", "Data\Migrations\DSRLearn.Context.Migrations.PgSql\DSRLearn.Context.Migrations.PgSql.csproj", "{AFC05225-4E2D-4E05-8C9E-F0F7EB9BA430}"
EndProject
Project("{9A19103F-16F7-4668-BE54-9A1E7A4F7556}") = "DSRLearn.Context.Migrations.MySql", "Data\Migrations\DSRLearn.Context.Migrations.MySql\DSRLearn.Context.Migrations.MySql.csproj", "{7DA197A8-9198-4CB2-9BDB-7826C2562E4D}"
EndProject
Project("{9A19103F-16F7-4668-BE54-9A1E7A4F7556}") = "DSRLearn.Services.Debts", "Services\DSRLearn.Services.Debts\DSRLearn.Services.Debts.csproj", "{2E4EE557-9DE8-42AD-970F-45A8530FB389}"
EndProject
Project("{2150E333-8FDC-42A3-9474-1A3956D46DE8}") = "_docker", "_docker", "{8DF24DE8-C73D-4B55-AC82-7B3C745EE034}"
	ProjectSection(SolutionItems) = preProject
		docker-compose.override.yml = docker-compose.override.yml
		docker-compose.yml = docker-compose.yml
		env.api = env.api
		env.identity = env.identity
	EndProjectSection
EndProject
Project("{9A19103F-16F7-4668-BE54-9A1E7A4F7556}") = "DSRLearn.Context", "Data\DSRLearn.Context\DSRLearn.Context.csproj", "{CEFA5E89-809C-4F62-95F8-53AF8483C520}"
EndProject
Project("{9A19103F-16F7-4668-BE54-9A1E7A4F7556}") = "DSRLearn.Context.Entities", "Data\DSRLearn.Context.Entities\DSRLearn.Context.Entities.csproj", "{58DED653-48E3-4B99-88B4-1F94F10B5192}"
EndProject
Project("{9A19103F-16F7-4668-BE54-9A1E7A4F7556}") = "DSRLearn.Context.Seeder", "Data\DSRLearn.Context.Seeder\DSRLearn.Context.Seeder.csproj", "{E913B8F1-CB40-4C45-8250-8A62E76F53DC}"
EndProject
Project("{9A19103F-16F7-4668-BE54-9A1E7A4F7556}") = "DSRLearn.Services.Logger", "Services\DSRLearn.Services.Logger\DSRLearn.Services.Logger.csproj", "{FB80397A-6104-4D7B-92E3-933774D79A44}"
EndProject
Project("{9A19103F-16F7-4668-BE54-9A1E7A4F7556}") = "DSRLearn.Services.Settings", "Services\DSRLearn.Services.Settings\DSRLearn.Services.Settings.csproj", "{18A7CBFF-6EC4-42D5-BB17-40AD70380860}"
EndProject
Project("{9A19103F-16F7-4668-BE54-9A1E7A4F7556}") = "DSRLearn.Services.Payments", "DSRLearn.Services.Payments\DSRLearn.Services.Payments.csproj", "{25FEE5FE-6B96-418C-8147-675B4C431039}"
EndProject
Project("{2150E333-8FDC-42A3-9474-1A3956D46DE8}") = "Identity", "Identity", "{2895607F-EB90-4482-9E74-EAFE7A9B7952}"
EndProject
Project("{9A19103F-16F7-4668-BE54-9A1E7A4F7556}") = "DSRLearn.Identity", "Systems\Identity\DSRLearn.Identity\DSRLearn.Identity.csproj", "{23A8CF08-4E03-4088-BC1E-A139778B3C22}"
EndProject
Project("{9A19103F-16F7-4668-BE54-9A1E7A4F7556}") = "DSRLearn.Services.UserAccount", "Services\DSRLearn.Services.UserAccount\DSRLearn.Services.UserAccount.csproj", "{327AED1E-2F9B-4B76-BCA3-ED96DC97C709}"
EndProject
Project("{9A19103F-16F7-4668-BE54-9A1E7A4F7556}") = "DSRLearn.Services.RabbitMq", "Services\DSRLearn.Services.RabbitMq\DSRLearn.Services.RabbitMq.csproj", "{5E51E5DD-E458-4016-AD87-FB2D997DDBF3}"
EndProject
Global
	GlobalSection(SolutionConfigurationPlatforms) = preSolution
		Debug|Any CPU = Debug|Any CPU
		Release|Any CPU = Release|Any CPU
	EndGlobalSection
	GlobalSection(ProjectConfigurationPlatforms) = postSolution
		{DBFD417E-74C6-4934-A104-CEB131A7AE02}.Debug|Any CPU.ActiveCfg = Debug|Any CPU
		{DBFD417E-74C6-4934-A104-CEB131A7AE02}.Debug|Any CPU.Build.0 = Debug|Any CPU
		{DBFD417E-74C6-4934-A104-CEB131A7AE02}.Release|Any CPU.ActiveCfg = Release|Any CPU
		{DBFD417E-74C6-4934-A104-CEB131A7AE02}.Release|Any CPU.Build.0 = Release|Any CPU
		{64660335-E90A-4401-B3EF-9A3D9E5A1A15}.Debug|Any CPU.ActiveCfg = Debug|Any CPU
		{64660335-E90A-4401-B3EF-9A3D9E5A1A15}.Debug|Any CPU.Build.0 = Debug|Any CPU
		{64660335-E90A-4401-B3EF-9A3D9E5A1A15}.Release|Any CPU.ActiveCfg = Release|Any CPU
		{64660335-E90A-4401-B3EF-9A3D9E5A1A15}.Release|Any CPU.Build.0 = Release|Any CPU
		{82135847-0C75-469A-987F-0C7EC55DCF71}.Debug|Any CPU.ActiveCfg = Debug|Any CPU
		{82135847-0C75-469A-987F-0C7EC55DCF71}.Debug|Any CPU.Build.0 = Debug|Any CPU
		{82135847-0C75-469A-987F-0C7EC55DCF71}.Release|Any CPU.ActiveCfg = Release|Any CPU
		{82135847-0C75-469A-987F-0C7EC55DCF71}.Release|Any CPU.Build.0 = Release|Any CPU
		{AFC05225-4E2D-4E05-8C9E-F0F7EB9BA430}.Debug|Any CPU.ActiveCfg = Debug|Any CPU
		{AFC05225-4E2D-4E05-8C9E-F0F7EB9BA430}.Debug|Any CPU.Build.0 = Debug|Any CPU
		{AFC05225-4E2D-4E05-8C9E-F0F7EB9BA430}.Release|Any CPU.ActiveCfg = Release|Any CPU
		{AFC05225-4E2D-4E05-8C9E-F0F7EB9BA430}.Release|Any CPU.Build.0 = Release|Any CPU
		{7DA197A8-9198-4CB2-9BDB-7826C2562E4D}.Debug|Any CPU.ActiveCfg = Debug|Any CPU
		{7DA197A8-9198-4CB2-9BDB-7826C2562E4D}.Debug|Any CPU.Build.0 = Debug|Any CPU
		{7DA197A8-9198-4CB2-9BDB-7826C2562E4D}.Release|Any CPU.ActiveCfg = Release|Any CPU
		{7DA197A8-9198-4CB2-9BDB-7826C2562E4D}.Release|Any CPU.Build.0 = Release|Any CPU
		{2E4EE557-9DE8-42AD-970F-45A8530FB389}.Debug|Any CPU.ActiveCfg = Debug|Any CPU
		{2E4EE557-9DE8-42AD-970F-45A8530FB389}.Debug|Any CPU.Build.0 = Debug|Any CPU
		{2E4EE557-9DE8-42AD-970F-45A8530FB389}.Release|Any CPU.ActiveCfg = Release|Any CPU
		{2E4EE557-9DE8-42AD-970F-45A8530FB389}.Release|Any CPU.Build.0 = Release|Any CPU
		{CEFA5E89-809C-4F62-95F8-53AF8483C520}.Debug|Any CPU.ActiveCfg = Debug|Any CPU
		{CEFA5E89-809C-4F62-95F8-53AF8483C520}.Debug|Any CPU.Build.0 = Debug|Any CPU
		{CEFA5E89-809C-4F62-95F8-53AF8483C520}.Release|Any CPU.ActiveCfg = Release|Any CPU
		{CEFA5E89-809C-4F62-95F8-53AF8483C520}.Release|Any CPU.Build.0 = Release|Any CPU
		{58DED653-48E3-4B99-88B4-1F94F10B5192}.Debug|Any CPU.ActiveCfg = Debug|Any CPU
		{58DED653-48E3-4B99-88B4-1F94F10B5192}.Debug|Any CPU.Build.0 = Debug|Any CPU
		{58DED653-48E3-4B99-88B4-1F94F10B5192}.Release|Any CPU.ActiveCfg = Release|Any CPU
		{58DED653-48E3-4B99-88B4-1F94F10B5192}.Release|Any CPU.Build.0 = Release|Any CPU
		{E913B8F1-CB40-4C45-8250-8A62E76F53DC}.Debug|Any CPU.ActiveCfg = Debug|Any CPU
		{E913B8F1-CB40-4C45-8250-8A62E76F53DC}.Debug|Any CPU.Build.0 = Debug|Any CPU
		{E913B8F1-CB40-4C45-8250-8A62E76F53DC}.Release|Any CPU.ActiveCfg = Release|Any CPU
		{E913B8F1-CB40-4C45-8250-8A62E76F53DC}.Release|Any CPU.Build.0 = Release|Any CPU
		{FB80397A-6104-4D7B-92E3-933774D79A44}.Debug|Any CPU.ActiveCfg = Debug|Any CPU
		{FB80397A-6104-4D7B-92E3-933774D79A44}.Debug|Any CPU.Build.0 = Debug|Any CPU
		{FB80397A-6104-4D7B-92E3-933774D79A44}.Release|Any CPU.ActiveCfg = Release|Any CPU
		{FB80397A-6104-4D7B-92E3-933774D79A44}.Release|Any CPU.Build.0 = Release|Any CPU
		{18A7CBFF-6EC4-42D5-BB17-40AD70380860}.Debug|Any CPU.ActiveCfg = Debug|Any CPU
		{18A7CBFF-6EC4-42D5-BB17-40AD70380860}.Debug|Any CPU.Build.0 = Debug|Any CPU
		{18A7CBFF-6EC4-42D5-BB17-40AD70380860}.Release|Any CPU.ActiveCfg = Release|Any CPU
		{18A7CBFF-6EC4-42D5-BB17-40AD70380860}.Release|Any CPU.Build.0 = Release|Any CPU
		{25FEE5FE-6B96-418C-8147-675B4C431039}.Debug|Any CPU.ActiveCfg = Debug|Any CPU
		{25FEE5FE-6B96-418C-8147-675B4C431039}.Debug|Any CPU.Build.0 = Debug|Any CPU
		{25FEE5FE-6B96-418C-8147-675B4C431039}.Release|Any CPU.ActiveCfg = Release|Any CPU
		{25FEE5FE-6B96-418C-8147-675B4C431039}.Release|Any CPU.Build.0 = Release|Any CPU
		{23A8CF08-4E03-4088-BC1E-A139778B3C22}.Debug|Any CPU.ActiveCfg = Debug|Any CPU
		{23A8CF08-4E03-4088-BC1E-A139778B3C22}.Debug|Any CPU.Build.0 = Debug|Any CPU
		{23A8CF08-4E03-4088-BC1E-A139778B3C22}.Release|Any CPU.ActiveCfg = Release|Any CPU
		{23A8CF08-4E03-4088-BC1E-A139778B3C22}.Release|Any CPU.Build.0 = Release|Any CPU
		{327AED1E-2F9B-4B76-BCA3-ED96DC97C709}.Debug|Any CPU.ActiveCfg = Debug|Any CPU
		{327AED1E-2F9B-4B76-BCA3-ED96DC97C709}.Debug|Any CPU.Build.0 = Debug|Any CPU
		{327AED1E-2F9B-4B76-BCA3-ED96DC97C709}.Release|Any CPU.ActiveCfg = Release|Any CPU
		{327AED1E-2F9B-4B76-BCA3-ED96DC97C709}.Release|Any CPU.Build.0 = Release|Any CPU
		{5E51E5DD-E458-4016-AD87-FB2D997DDBF3}.Debug|Any CPU.ActiveCfg = Debug|Any CPU
		{5E51E5DD-E458-4016-AD87-FB2D997DDBF3}.Debug|Any CPU.Build.0 = Debug|Any CPU
		{5E51E5DD-E458-4016-AD87-FB2D997DDBF3}.Release|Any CPU.ActiveCfg = Release|Any CPU
		{5E51E5DD-E458-4016-AD87-FB2D997DDBF3}.Release|Any CPU.Build.0 = Release|Any CPU
	EndGlobalSection
	GlobalSection(SolutionProperties) = preSolution
		HideSolutionNode = FALSE
	EndGlobalSection
	GlobalSection(NestedProjects) = preSolution
		{3033A2F8-A9BE-4389-AAA2-F7D8404D0933} = {D50AF075-C405-4514-9CAF-2394171230B7}
		{B93C44E9-CD88-410E-9EC5-4051F9A32D0D} = {D50AF075-C405-4514-9CAF-2394171230B7}
		{C43DD5AB-B112-4450-A38A-D2CF6A0FEA5D} = {D50AF075-C405-4514-9CAF-2394171230B7}
		{DBFD417E-74C6-4934-A104-CEB131A7AE02} = {C43DD5AB-B112-4450-A38A-D2CF6A0FEA5D}
		{64660335-E90A-4401-B3EF-9A3D9E5A1A15} = {3033A2F8-A9BE-4389-AAA2-F7D8404D0933}
		{82135847-0C75-469A-987F-0C7EC55DCF71} = {E4BE3F4D-2281-40D6-9D98-8CB280703461}
		{C692E9F8-AF36-4F4E-BCF3-2B73784FBA99} = {6FC8077A-7428-491C-9D07-B8D4A79B6D25}
		{AFC05225-4E2D-4E05-8C9E-F0F7EB9BA430} = {C692E9F8-AF36-4F4E-BCF3-2B73784FBA99}
		{7DA197A8-9198-4CB2-9BDB-7826C2562E4D} = {C692E9F8-AF36-4F4E-BCF3-2B73784FBA99}
		{2E4EE557-9DE8-42AD-970F-45A8530FB389} = {28D51352-44A7-42A8-9A22-CF73B7C35413}
		{CEFA5E89-809C-4F62-95F8-53AF8483C520} = {6FC8077A-7428-491C-9D07-B8D4A79B6D25}
		{58DED653-48E3-4B99-88B4-1F94F10B5192} = {6FC8077A-7428-491C-9D07-B8D4A79B6D25}
		{E913B8F1-CB40-4C45-8250-8A62E76F53DC} = {6FC8077A-7428-491C-9D07-B8D4A79B6D25}
		{FB80397A-6104-4D7B-92E3-933774D79A44} = {28D51352-44A7-42A8-9A22-CF73B7C35413}
		{18A7CBFF-6EC4-42D5-BB17-40AD70380860} = {28D51352-44A7-42A8-9A22-CF73B7C35413}
		{25FEE5FE-6B96-418C-8147-675B4C431039} = {28D51352-44A7-42A8-9A22-CF73B7C35413}
		{2895607F-EB90-4482-9E74-EAFE7A9B7952} = {D50AF075-C405-4514-9CAF-2394171230B7}
		{23A8CF08-4E03-4088-BC1E-A139778B3C22} = {2895607F-EB90-4482-9E74-EAFE7A9B7952}
		{327AED1E-2F9B-4B76-BCA3-ED96DC97C709} = {28D51352-44A7-42A8-9A22-CF73B7C35413}
		{5E51E5DD-E458-4016-AD87-FB2D997DDBF3} = {28D51352-44A7-42A8-9A22-CF73B7C35413}
	EndGlobalSection
	GlobalSection(ExtensibilityGlobals) = postSolution
		SolutionGuid = {5F1F1B22-84BF-47EE-8627-23E0129E7F95}
	EndGlobalSection
EndGlobal
